# This file is automatically @generated by Poetry 2.2.1 and should not be changed by hand.

[[package]]
name = "click"
version = "8.2.1"
description = "Composable command line interface toolkit"
optional = false
python-versions = ">=3.10"
groups = ["main"]
files = [
    {file = "click-8.2.1-py3-none-any.whl", hash = "sha256:61a3265b914e850b85317d0b3109c7f8cd35a670f963866005d6ef1d5175a12b"},
    {file = "click-8.2.1.tar.gz", hash = "sha256:27c491cc05d968d271d5a1db13e3b5a184636d9d930f148c50b038f0d0646202"},
]

[package.dependencies]
colorama = {version = "*", markers = "platform_system == \"Windows\""}

[[package]]
name = "colorama"
version = "0.4.6"
description = "Cross-platform colored terminal text."
optional = false
python-versions = "!=3.0.*,!=3.1.*,!=3.2.*,!=3.3.*,!=3.4.*,!=3.5.*,!=3.6.*,>=2.7"
groups = ["main", "dev"]
files = [
    {file = "colorama-0.4.6-py2.py3-none-any.whl", hash = "sha256:4f1d9991f5acc0ca119f9d443620b77f9d6b33703e51011c16baf57afb285fc6"},
    {file = "colorama-0.4.6.tar.gz", hash = "sha256:08695f5cb7ed6e0531a20572697297273c47b8cae5a63ffc6d6ed5c201be6e44"},
]
markers = {main = "platform_system == \"Windows\"", dev = "sys_platform == \"win32\""}

[[package]]
name = "iniconfig"
version = "2.1.0"
description = "brain-dead simple config-ini parsing"
optional = false
python-versions = ">=3.8"
groups = ["dev"]
files = [
    {file = "iniconfig-2.1.0-py3-none-any.whl", hash = "sha256:9deba5723312380e77435581c6bf4935c94cbfab9b1ed33ef8d238ea168eb760"},
    {file = "iniconfig-2.1.0.tar.gz", hash = "sha256:3abbd2e30b36733fee78f9c7f7308f2d0050e88f0087fd25c2645f63c773e1c7"},
]

[[package]]
name = "orjson"
version = "3.11.5"
description = "Fast, correct Python JSON library supporting dataclasses, datetimes, and numpy"
optional = false
python-versions = ">=3.9"
groups = ["main"]
files = [
    {file = "orjson-3.11.5-cp310-cp310-macosx_10_15_x86_64.macosx_11_0_arm64.macosx_10_15_universal2.whl", hash = "sha256:df9eadb2a6386d5ea2bfd81309c505e125cfc9ba2b1b99a97e60985b0b3665d1"},
    {file = "orjson-3.11.5-cp310-cp310-manylinux_2_17_aarch64.manylinux2014_aarch64.whl", hash = "sha256:ccc70da619744467d8f1f49a8cadae5ec7bbe054e5232d95f92ed8737f8c5870"},
    {file = "orjson-3.11.5-cp310-cp310-manylinux_2_17_armv7l.manylinux2014_armv7l.whl", hash = "sha256:073aab025294c2f6fc0807201c76fdaed86f8fc4be52c440fb78fbb759a1ac09"},
    {file = "orjson-3.11.5-cp310-cp310-manylinux_2_17_i686.manylinux2014_i686.whl", hash = "sha256:835f26fa24ba0bb8c53ae2a9328d1706135b74ec653ed933869b74b6909e63fd"},
    {file = "orjson-3.11.5-cp310-cp310-manylinux_2_17_ppc64le.manylinux2014_ppc64le.whl", hash = "sha256:667c132f1f3651c14522a119e4dd631fad98761fa960c55e8e7430bb2a1ba4ac"},
    {file = "orjson-3.11.5-cp310-cp310-manylinux_2_17_s390x.manylinux2014_s390x.whl", hash = "sha256:42e8961196af655bb5e63ce6c60d25e8798cd4dfbc04f4203457fa3869322c2e"},
    {file = "orjson-3.11.5-cp310-cp310-manylinux_2_17_x86_64.manylinux2014_x86_64.whl", hash = "sha256:75412ca06e20904c19170f8a24486c4e6c7887dea591ba18a1ab572f1300ee9f"},
    {file = "orjson-3.11.5-cp310-cp310-musllinux_1_2_aarch64.whl", hash = "sha256:6af8680328c69e15324b5af3ae38abbfcf9cbec37b5346ebfd52339c3d7e8a18"},
    {file = "orjson-3.11.5-cp310-cp310-musllinux_1_2_armv7l.whl", hash = "sha256:a86fe4ff4ea523eac8f4b57fdac319faf037d3c1be12405e6a7e86b3fbc4756a"},
    {file = "orjson-3.11.5-cp310-cp310-musllinux_1_2_i686.whl", hash = "sha256:e607b49b1a106ee2086633167033afbd63f76f2999e9236f638b06b112b24ea7"},
    {file = "orjson-3.11.5-cp310-cp310-musllinux_1_2_x86_64.whl", hash = "sha256:7339f41c244d0eea251637727f016b3d20050636695bc78345cce9029b189401"},
    {file = "orjson-3.11.5-cp310-cp310-win32.whl", hash = "sha256:8be318da8413cdbbce77b8c5fac8d13f6eb0f0db41b30bb598631412619572e8"},
    {file = "orjson-3.11.5-cp310-cp310-win_amd64.whl", hash = "sha256:b9f86d69ae822cabc2a0f6c099b43e8733dda788405cba2665595b7e8dd8d167"},
    {file = "orjson-3.11.5-cp311-cp311-macosx_10_15_x86_64.macosx_11_0_arm64.macosx_10_15_universal2.whl", hash = "sha256:9c8494625ad60a923af6b2b0bd74107146efe9b55099e20d7740d995f338fcd8"},
    {file = "orjson-3.11.5-cp311-cp311-macosx_15_0_arm64.whl", hash = "sha256:7bb2ce0b82bc9fd1168a513ddae7a857994b780b2945a8c51db4ab1c4b751ebc"},
    {file = "orjson-3.11.5-cp311-cp311-manylinux_2_17_aarch64.manylinux2014_aarch64.whl", hash = "sha256:67394d3becd50b954c4ecd24ac90b5051ee7c903d167459f93e77fc6f5b4c968"},
    {file = "orjson-3.11.5-cp311-cp311-manylinux_2_17_armv7l.manylinux2014_armv7l.whl", hash = "sha256:298d2451f375e5f17b897794bcc3e7b821c0f32b4788b9bcae47ada24d7f3cf7"},
    {file = "orjson-3.11.5-cp311-cp311-manylinux_2_17_i686.manylinux2014_i686.whl", hash = "sha256:aa5e4244063db8e1d87e0f54c3f7522f14b2dc937e65d5241ef0076a096409fd"},
    {file = "orjson-3.11.5-cp311-cp311-manylinux_2_17_ppc64le.manylinux2014_ppc64le.whl", hash = "sha256:1db2088b490761976c1b2e956d5d4e6409f3732e9d79cfa69f876c5248d1baf9"},
    {file = "orjson-3.11.5-cp311-cp311-manylinux_2_17_s390x.manylinux2014_s390x.whl", hash = "sha256:c2ed66358f32c24e10ceea518e16eb3549e34f33a9d51f99ce23b0251776a1ef"},
    {file = "orjson-3.11.5-cp311-cp311-manylinux_2_17_x86_64.manylinux2014_x86_64.whl", hash = "sha256:c2021afda46c1ed64d74b555065dbd4c2558d510d8cec5ea6a53001b3e5e82a9"},
    {file = "orjson-3.11.5-cp311-cp311-musllinux_1_2_aarch64.whl", hash = "sha256:b42ffbed9128e547a1647a3e50bc88ab28ae9daa61713962e0d3dd35e820c125"},
    {file = "orjson-3.11.5-cp311-cp311-musllinux_1_2_armv7l.whl", hash = "sha256:8d5f16195bb671a5dd3d1dbea758918bada8f6cc27de72bd64adfbd748770814"},
    {file = "orjson-3.11.5-cp311-cp311-musllinux_1_2_i686.whl", hash = "sha256:c0e5d9f7a0227df2927d343a6e3859bebf9208b427c79bd31949abcc2fa32fa5"},
    {file = "orjson-3.11.5-cp311-cp311-musllinux_1_2_x86_64.whl", hash = "sha256:23d04c4543e78f724c4dfe656b3791b5f98e4c9253e13b2636f1af5d90e4a880"},
    {file = "orjson-3.11.5-cp311-cp311-win32.whl", hash = "sha256:c404603df4865f8e0afe981aa3c4b62b406e6d06049564d58934860b62b7f91d"},
    {file = "orjson-3.11.5-cp311-cp311-win_amd64.whl", hash = "sha256:9645ef655735a74da4990c24ffbd6894828fbfa117bc97c1edd98c282ecb52e1"},
    {file = "orjson-3.11.5-cp311-cp311-win_arm64.whl", hash = "sha256:1cbf2735722623fcdee8e712cbaaab9e372bbcb0c7924ad711b261c2eccf4a5c"},
    {file = "orjson-3.11.5-cp312-cp312-macosx_10_15_x86_64.macosx_11_0_arm64.macosx_10_15_universal2.whl", hash = "sha256:334e5b4bff9ad101237c2d799d9fd45737752929753bf4faf4b207335a416b7d"},
    {file = "orjson-3.11.5-cp312-cp312-macosx_15_0_arm64.whl", hash = "sha256:ff770589960a86eae279f5d8aa536196ebda8273a2a07db2a54e82b93bc86626"},
    {file = "orjson-3.11.5-cp312-cp312-manylinux_2_17_aarch64.manylinux2014_aarch64.whl", hash = "sha256:ed24250e55efbcb0b35bed7caaec8cedf858ab2f9f2201f17b8938c618c8ca6f"},
    {file = "orjson-3.11.5-cp312-cp312-manylinux_2_17_armv7l.manylinux2014_armv7l.whl", hash = "sha256:a66d7769e98a08a12a139049aac2f0ca3adae989817f8c43337455fbc7669b85"},
    {file = "orjson-3.11.5-cp312-cp312-manylinux_2_17_i686.manylinux2014_i686.whl", hash = "sha256:86cfc555bfd5794d24c6a1903e558b50644e5e68e6471d66502ce5cb5fdef3f9"},
    {file = "orjson-3.11.5-cp312-cp312-manylinux_2_17_ppc64le.manylinux2014_ppc64le.whl", hash = "sha256:a230065027bc2a025e944f9d4714976a81e7ecfa940923283bca7bbc1f10f626"},
    {file = "orjson-3.11.5-cp312-cp312-manylinux_2_17_s390x.manylinux2014_s390x.whl", hash = "sha256:b29d36b60e606df01959c4b982729c8845c69d1963f88686608be9ced96dbfaa"},
    {file = "orjson-3.11.5-cp312-cp312-manylinux_2_17_x86_64.manylinux2014_x86_64.whl", hash = "sha256:c74099c6b230d4261fdc3169d50efc09abf38ace1a42ea2f9994b1d79153d477"},
    {file = "orjson-3.11.5-cp312-cp312-musllinux_1_2_aarch64.whl", hash = "sha256:e697d06ad57dd0c7a737771d470eedc18e68dfdefcdd3b7de7f33dfda5b6212e"},
    {file = "orjson-3.11.5-cp312-cp312-musllinux_1_2_armv7l.whl", hash = "sha256:e08ca8a6c851e95aaecc32bc44a5aa75d0ad26af8cdac7c77e4ed93acf3d5b69"},
    {file = "orjson-3.11.5-cp312-cp312-musllinux_1_2_i686.whl", hash = "sha256:e8b5f96c05fce7d0218df3fdfeb962d6b8cfff7e3e20264306b46dd8b217c0f3"},
    {file = "orjson-3.11.5-cp312-cp312-musllinux_1_2_x86_64.whl", hash = "sha256:ddbfdb5099b3e6ba6d6ea818f61997bb66de14b411357d24c4612cf1ebad08ca"},
    {file = "orjson-3.11.5-cp312-cp312-win32.whl", hash = "sha256:9172578c4eb09dbfcf1657d43198de59b6cef4054de385365060ed50c458ac98"},
    {file = "orjson-3.11.5-cp312-cp312-win_amd64.whl", hash = "sha256:2b91126e7b470ff2e75746f6f6ee32b9ab67b7a93c8ba1d15d3a0caaf16ec875"},
    {file = "orjson-3.11.5-cp312-cp312-win_arm64.whl", hash = "sha256:acbc5fac7e06777555b0722b8ad5f574739e99ffe99467ed63da98f97f9ca0fe"},
    {file = "orjson-3.11.5-cp313-cp313-macosx_10_15_x86_64.macosx_11_0_arm64.macosx_10_15_universal2.whl", hash = "sha256:3b01799262081a4c47c035dd77c1301d40f568f77cc7ec1bb7db5d63b0a01629"},
    {file = "orjson-3.11.5-cp313-cp313-macosx_15_0_arm64.whl", hash = "sha256:61de247948108484779f57a9f406e4c84d636fa5a59e411e6352484985e8a7c3"},
    {file = "orjson-3.11.5-cp313-cp313-manylinux_2_17_aarch64.manylinux2014_aarch64.whl", hash = "sha256:894aea2e63d4f24a7f04a1908307c738d0dce992e9249e744b8f4e8dd9197f39"},
    {file = "orjson-3.11.5-cp313-cp313-manylinux_2_17_armv7l.manylinux2014_armv7l.whl", hash = "sha256:ddc21521598dbe369d83d4d40338e23d4101dad21dae0e79fa20465dbace019f"},
    {file = "orjson-3.11.5-cp313-cp313-manylinux_2_17_i686.manylinux2014_i686.whl", hash = "sha256:7cce16ae2f5fb2c53c3eafdd1706cb7b6530a67cc1c17abe8ec747f5cd7c0c51"},
    {file = "orjson-3.11.5-cp313-cp313-manylinux_2_17_ppc64le.manylinux2014_ppc64le.whl", hash = "sha256:e46c762d9f0e1cfb4ccc8515de7f349abbc95b59cb5a2bd68df5973fdef913f8"},
    {file = "orjson-3.11.5-cp313-cp313-manylinux_2_17_s390x.manylinux2014_s390x.whl", hash = "sha256:d7345c759276b798ccd6d77a87136029e71e66a8bbf2d2755cbdde1d82e78706"},
    {file = "orjson-3.11.5-cp313-cp313-manylinux_2_17_x86_64.manylinux2014_x86_64.whl", hash = "sha256:75bc2e59e6a2ac1dd28901d07115abdebc4563b5b07dd612bf64260a201b1c7f"},
    {file = "orjson-3.11.5-cp313-cp313-musllinux_1_2_aarch64.whl", hash = "sha256:54aae9b654554c3b4edd61896b978568c6daa16af96fa4681c9b5babd469f863"},
    {file = "orjson-3.11.5-cp313-cp313-musllinux_1_2_armv7l.whl", hash = "sha256:4bdd8d164a871c4ec773f9de0f6fe8769c2d6727879c37a9666ba4183b7f8228"},
    {file = "orjson-3.11.5-cp313-cp313-musllinux_1_2_i686.whl", hash = "sha256:a261fef929bcf98a60713bf5e95ad067cea16ae345d9a35034e73c3990e927d2"},
    {file = "orjson-3.11.5-cp313-cp313-musllinux_1_2_x86_64.whl", hash = "sha256:c028a394c766693c5c9909dec76b24f37e6a1b91999e8d0c0d5feecbe93c3e05"},
    {file = "orjson-3.11.5-cp313-cp313-win32.whl", hash = "sha256:2cc79aaad1dfabe1bd2d50ee09814a1253164b3da4c00a78c458d82d04b3bdef"},
    {file = "orjson-3.11.5-cp313-cp313-win_amd64.whl", hash = "sha256:ff7877d376add4e16b274e35a3f58b7f37b362abf4aa31863dadacdd20e3a583"},
    {file = "orjson-3.11.5-cp313-cp313-win_arm64.whl", hash = "sha256:59ac72ea775c88b163ba8d21b0177628bd015c5dd060647bbab6e22da3aad287"},
    {file = "orjson-3.11.5-cp314-cp314-macosx_10_15_x86_64.macosx_11_0_arm64.macosx_10_15_universal2.whl", hash = "sha256:e446a8ea0a4c366ceafc7d97067bfd55292969143b57e3c846d87fc701e797a0"},
    {file = "orjson-3.11.5-cp314-cp314-macosx_15_0_arm64.whl", hash = "sha256:53deb5addae9c22bbe3739298f5f2196afa881ea75944e7720681c7080909a81"},
    {file = "orjson-3.11.5-cp314-cp314-manylinux_2_17_aarch64.manylinux2014_aarch64.whl", hash = "sha256:82cd00d49d6063d2b8791da5d4f9d20539c5951f965e45ccf4e96d33505ce68f"},
    {file = "orjson-3.11.5-cp314-cp314-manylinux_2_17_armv7l.manylinux2014_armv7l.whl", hash = "sha256:3fd15f9fc8c203aeceff4fda211157fad114dde66e92e24097b3647a08f4ee9e"},
    {file = "orjson-3.11.5-cp314-cp314-manylinux_2_17_i686.manylinux2014_i686.whl", hash = "sha256:9df95000fbe6777bf9820ae82ab7578e8662051bb5f83d71a28992f539d2cda7"},
    {file = "orjson-3.11.5-cp314-cp314-manylinux_2_17_ppc64le.manylinux2014_ppc64le.whl", hash = "sha256:92a8d676748fca47ade5bc3da7430ed7767afe51b2f8100e3cd65e151c0eaceb"},
    {file = "orjson-3.11.5-cp314-cp314-manylinux_2_17_s390x.manylinux2014_s390x.whl", hash = "sha256:aa0f513be38b40234c77975e68805506cad5d57b3dfd8fe3baa7f4f4051e15b4"},
    {file = "orjson-3.11.5-cp314-cp314-manylinux_2_17_x86_64.manylinux2014_x86_64.whl", hash = "sha256:fa1863e75b92891f553b7922ce4ee10ed06db061e104f2b7815de80cdcb135ad"},
    {file = "orjson-3.11.5-cp314-cp314-musllinux_1_2_aarch64.whl", hash = "sha256:d4be86b58e9ea262617b8ca6251a2f0d63cc132a6da4b5fcc8e0a4128782c829"},
    {file = "orjson-3.11.5-cp314-cp314-musllinux_1_2_armv7l.whl", hash = "sha256:b923c1c13fa02084eb38c9c065afd860a5cff58026813319a06949c3af5732ac"},
    {file = "orjson-3.11.5-cp314-cp314-musllinux_1_2_i686.whl", hash = "sha256:1b6bd351202b2cd987f35a13b5e16471cf4d952b42a73c391cc537974c43ef6d"},
    {file = "orjson-3.11.5-cp314-cp314-musllinux_1_2_x86_64.whl", hash = "sha256:bb150d529637d541e6af06bbe3d02f5498d628b7f98267ff87647584293ab439"},
    {file = "orjson-3.11.5-cp314-cp314-win32.whl", hash = "sha256:9cc1e55c884921434a84a0c3dd2699eb9f92e7b441d7f53f3941079ec6ce7499"},
    {file = "orjson-3.11.5-cp314-cp314-win_amd64.whl", hash = "sha256:a4f3cb2d874e03bc7767c8f88adaa1a9a05cecea3712649c3b58589ec7317310"},
    {file = "orjson-3.11.5-cp314-cp314-win_arm64.whl", hash = "sha256:38b22f476c351f9a1c43e5b07d8b5a02eb24a6ab8e75f700f7d479d4568346a5"},
    {file = "orjson-3.11.5-cp39-cp39-macosx_10_15_x86_64.macosx_11_0_arm64.macosx_10_15_universal2.whl", hash = "sha256:1b280e2d2d284a6713b0cfec7b08918ebe57df23e3f76b27586197afca3cb1e9"},
    {file = "orjson-3.11.5-cp39-cp39-manylinux_2_17_aarch64.manylinux2014_aarch64.whl", hash = "sha256:3c8d8a112b274fae8c5f0f01954cb0480137072c271f3f4958127b010dfefaec"},
    {file = "orjson-3.11.5-cp39-cp39-manylinux_2_17_armv7l.manylinux2014_armv7l.whl", hash = "sha256:5f0a2ae6f09ac7bd47d2d5a5305c1d9ed08ac057cda55bb0a49fa506f0d2da00"},
    {file = "orjson-3.11.5-cp39-cp39-manylinux_2_17_i686.manylinux2014_i686.whl", hash = "sha256:c0d87bd1896faac0d10b4f849016db81a63e4ec5df38757ffae84d45ab38aa71"},
    {file = "orjson-3.11.5-cp39-cp39-manylinux_2_17_ppc64le.manylinux2014_ppc64le.whl", hash = "sha256:801a821e8e6099b8c459ac7540b3c32dba6013437c57fdcaec205b169754f38c"},
    {file = "orjson-3.11.5-cp39-cp39-manylinux_2_17_s390x.manylinux2014_s390x.whl", hash = "sha256:69a0f6ac618c98c74b7fbc8c0172ba86f9e01dbf9f62aa0b1776c2231a7bffe5"},
    {file = "orjson-3.11.5-cp39-cp39-manylinux_2_17_x86_64.manylinux2014_x86_64.whl", hash = "sha256:fea7339bdd22e6f1060c55ac31b6a755d86a5b2ad3657f2669ec243f8e3b2bdb"},
    {file = "orjson-3.11.5-cp39-cp39-musllinux_1_2_aarch64.whl", hash = "sha256:4dad582bc93cef8f26513e12771e76385a7e6187fd713157e971c784112aad56"},
    {file = "orjson-3.11.5-cp39-cp39-musllinux_1_2_armv7l.whl", hash = "sha256:0522003e9f7fba91982e83a97fec0708f5a714c96c4209db7104e6b9d132f111"},
    {file = "orjson-3.11.5-cp39-cp39-musllinux_1_2_i686.whl", hash = "sha256:7403851e430a478440ecc1258bcbacbfbd8175f9ac1e39031a7121dd0de05ff8"},
    {file = "orjson-3.11.5-cp39-cp39-musllinux_1_2_x86_64.whl", hash = "sha256:5f691263425d3177977c8d1dd896cde7b98d93cbf390b2544a090675e83a6a0a"},
    {file = "orjson-3.11.5-cp39-cp39-win32.whl", hash = "sha256:61026196a1c4b968e1b1e540563e277843082e9e97d78afa03eb89315af531f1"},
    {file = "orjson-3.11.5-cp39-cp39-win_amd64.whl", hash = "sha256:09b94b947ac08586af635ef922d69dc9bc63321527a3a04647f4986a73f4bd30"},
    {file = "orjson-3.11.5.tar.gz", hash = "sha256:82393ab47b4fe44ffd0a7659fa9cfaacc717eb617c93cde83795f14af5c2e9d5"},
]

[[package]]
name = "packaging"
version = "25.0"
description = "Core utilities for Python packages"
optional = false
python-versions = ">=3.8"
groups = ["main", "dev"]
files = [
    {file = "packaging-25.0-py3-none-any.whl", hash = "sha256:29572ef2b1f17581046b3a2227d5c611fb25ec70ca1ba8554b24b0e69331a484"},
    {file = "packaging-25.0.tar.gz", hash = "sha256:d443872c98d677bf60f6a1f2f8c1cb748e8fe762d2bf9d3148b5599295b0fc4f"},
]

[[package]]
name = "pluggy"
version = "1.6.0"
description = "plugin and hook calling mechanisms for python"
optional = false
python-versions = ">=3.9"
groups = ["dev"]
files = [
    {file = "pluggy-1.6.0-py3-none-any.whl", hash = "sha256:e920276dd6813095e9377c0bc5566d94c932c33b27a3e3945d8389c374dd4746"},
    {file = "pluggy-1.6.0.tar.gz", hash = "sha256:7dcc130b76258d33b90f61b658791dede3486c3e6bfb003ee5c9bfb396dd22f3"},
]

[package.extras]
dev = ["pre-commit", "tox"]
testing = ["coverage", "pytest", "pytest-benchmark"]

[[package]]
name = "pygments"
version = "2.19.2"
description = "Pygments is a syntax highlighting package written in Python."
optional = false
python-versions = ">=3.8"
groups = ["dev"]
files = [
    {file = "pygments-2.19.2-py3-none-any.whl", hash = "sha256:86540386c03d588bb81d44bc3928634ff26449851e99741617ecb9037ee5ec0b"},
    {file = "pygments-2.19.2.tar.gz", hash = "sha256:636cb2477cec7f8952536970bc533bc43743542f70392ae026374600add5b887"},
]

[package.extras]
windows-terminal = ["colorama (>=0.4.6)"]

[[package]]
name = "pyside6"
version = "6.9.1"
description = "Python bindings for the Qt cross-platform application and UI framework"
optional = false
python-versions = "<3.14,>=3.9"
groups = ["main"]
files = [
    {file = "PySide6-6.9.1-cp39-abi3-macosx_12_0_universal2.whl", hash = "sha256:f843ef39970a2f79757810fffd7b8e93ac42a3de9ea62f2a03648cde57648aed"},
    {file = "PySide6-6.9.1-cp39-abi3-manylinux_2_28_x86_64.whl", hash = "sha256:db44ac08b8f7ac1b421bc1c6a44200d03f08d80dc7b3f68dfdb1684f30f41c17"},
    {file = "PySide6-6.9.1-cp39-abi3-manylinux_2_39_aarch64.whl", hash = "sha256:531a6e67c429b045674d57fe9864b711eb59e4cded753c2640982e368fd468d1"},
    {file = "PySide6-6.9.1-cp39-abi3-win_amd64.whl", hash = "sha256:c82dbb7d32bbdd465e01059174f71bddc97de152ab71bded3f1907c40f9a5f16"},
    {file = "PySide6-6.9.1-cp39-abi3-win_arm64.whl", hash = "sha256:1525d63dc6dc425b8c2dc5bc01a8cb1d67530401449f3a3490c09a14c095b9f9"},
]

[package.dependencies]
PySide6-Addons = "6.9.1"
PySide6-Essentials = "6.9.1"
shiboken6 = "6.9.1"

[[package]]
name = "pyside6-addons"
version = "6.9.1"
description = "Python bindings for the Qt cross-platform application and UI framework (Addons)"
optional = false
python-versions = "<3.14,>=3.9"
groups = ["main"]
files = [
    {file = "PySide6_Addons-6.9.1-cp39-abi3-macosx_12_0_universal2.whl", hash = "sha256:7be0708fa89715c282541fca47e2ba97c0c8d2886e0236ef994b2dd8f52aacdd"},
    {file = "PySide6_Addons-6.9.1-cp39-abi3-manylinux_2_28_x86_64.whl", hash = "sha256:da7869b02e3599d26546fad582db4656060786bc5ec8ece5ec9ee8aa8b42371c"},
    {file = "PySide6_Addons-6.9.1-cp39-abi3-manylinux_2_39_aarch64.whl", hash = "sha256:53fd08c8152b6ba8c435458afd189835ba905793a5077a2bb0b1b11222b375d4"},
    {file = "PySide6_Addons-6.9.1-cp39-abi3-win_amd64.whl", hash = "sha256:cd93a3a5e3886cd958f3a5acc7c061c24f10a394ce9f4ce657ac394544ca7ec2"},
    {file = "PySide6_Addons-6.9.1-cp39-abi3-win_arm64.whl", hash = "sha256:4f589631bdceb518080ae9c9fa288e64f092cd5bebe25adc8ad89e8eadd4db29"},
]

[package.dependencies]
PySide6-Essentials = "6.9.1"
shiboken6 = "6.9.1"

[[package]]
name = "pyside6-essentials"
version = "6.9.1"
description = "Python bindings for the Qt cross-platform application and UI framework (Essentials)"
optional = false
python-versions = "<3.14,>=3.9"
groups = ["main"]
files = [
    {file = "PySide6_Essentials-6.9.1-cp39-abi3-macosx_12_0_universal2.whl", hash = "sha256:ed43435a70e018e1c22efcaf34a9430b83cfcad716dba661b03de21c13322fab"},
    {file = "PySide6_Essentials-6.9.1-cp39-abi3-manylinux_2_28_x86_64.whl", hash = "sha256:e5da48883f006c6206ef85874db74ddebcdf69b0281bd4f1642b1c5ac1d54aea"},
    {file = "PySide6_Essentials-6.9.1-cp39-abi3-manylinux_2_39_aarch64.whl", hash = "sha256:e46a2801c9c6098025515fd0af6c594b9e9c951842f68b8f6f3da9858b9b26c2"},
    {file = "PySide6_Essentials-6.9.1-cp39-abi3-win_amd64.whl", hash = "sha256:ad1ac94011492dba33051bc33db1c76a7d6f815a81c01422cb6220273b369145"},
    {file = "PySide6_Essentials-6.9.1-cp39-abi3-win_arm64.whl", hash = "sha256:35c2c2bb4a88db74d11e638cf917524ff35785883f10b439ead07960a5733aa4"},
]

[package.dependencies]
shiboken6 = "6.9.1"

[[package]]
name = "pytest"
version = "8.4.1"
description = "pytest: simple powerful testing with Python"
optional = false
python-versions = ">=3.9"
groups = ["dev"]
files = [
    {file = "pytest-8.4.1-py3-none-any.whl", hash = "sha256:539c70ba6fcead8e78eebbf1115e8b589e7565830d7d006a8723f19ac8a0afb7"},
    {file = "pytest-8.4.1.tar.gz", hash = "sha256:7c67fd69174877359ed9371ec3af8a3d2b04741818c51e5e99cc1742251fa93c"},
]

[package.dependencies]
colorama = {version = ">=0.4", markers = "sys_platform == \"win32\""}
iniconfig = ">=1"
packaging = ">=20"
pluggy = ">=1.5,<2"
pygments = ">=2.7.2"

[package.extras]
dev = ["argcomplete", "attrs (>=19.2)", "hypothesis (>=3.56)", "mock", "requests", "setuptools", "xmlschema"]

[[package]]
name = "qtawesome"
version = "1.4.0"
description = "FontAwesome icons in PyQt and PySide applications"
optional = false
python-versions = ">=3.7"
groups = ["main"]
files = [
    {file = "qtawesome-1.4.0-py3-none-any.whl", hash = "sha256:a4d689fa071c595aa6184171ce1f0f847677cb8d2db45382c43129f1d72a3d93"},
    {file = "qtawesome-1.4.0.tar.gz", hash = "sha256:783e414d1317f3e978bf67ea8e8a1b1498bad9dbd305dec814027e3b50521be6"},
]

[package.dependencies]
qtpy = "*"

[[package]]
name = "qtpy"
version = "2.4.3"
description = "Provides an abstraction layer on top of the various Qt bindings (PyQt5/6 and PySide2/6)."
optional = false
python-versions = ">=3.7"
groups = ["main"]
files = [
    {file = "QtPy-2.4.3-py3-none-any.whl", hash = "sha256:72095afe13673e017946cc258b8d5da43314197b741ed2890e563cf384b51aa1"},
    {file = "qtpy-2.4.3.tar.gz", hash = "sha256:db744f7832e6d3da90568ba6ccbca3ee2b3b4a890c3d6fbbc63142f6e4cdf5bb"},
]

[package.dependencies]
packaging = "*"

[package.extras]
test = ["pytest (>=6,!=7.0.0,!=7.0.1)", "pytest-cov (>=3.0.0)", "pytest-qt"]

[[package]]
name = "ruff"
version = "0.14.14"
description = "An extremely fast Python linter and code formatter, written in Rust."
optional = false
python-versions = ">=3.7"
groups = ["dev"]
files = [
    {file = "ruff-0.14.14-py3-none-linux_armv6l.whl", hash = "sha256:7cfe36b56e8489dee8fbc777c61959f60ec0f1f11817e8f2415f429552846aed"},
    {file = "ruff-0.14.14-py3-none-macosx_10_12_x86_64.whl", hash = "sha256:6006a0082336e7920b9573ef8a7f52eec837add1265cc74e04ea8a4368cd704c"},
    {file = "ruff-0.14.14-py3-none-macosx_11_0_arm64.whl", hash = "sha256:026c1d25996818f0bf498636686199d9bd0d9d6341c9c2c3b62e2a0198b758de"},
    {file = "ruff-0.14.14-py3-none-manylinux_2_17_aarch64.manylinux2014_aarch64.whl", hash = "sha256:f666445819d31210b71e0a6d1c01e24447a20b85458eea25a25fe8142210ae0e"},
    {file = "ruff-0.14.14-py3-none-manylinux_2_17_armv7l.manylinux2014_armv7l.whl", hash = "sha256:3c0f18b922c6d2ff9a5e6c3ee16259adc513ca775bcf82c67ebab7cbd9da5bc8"},
    {file = "ruff-0.14.14-py3-none-manylinux_2_17_i686.manylinux2014_i686.whl", hash = "sha256:1629e67489c2dea43e8658c3dba659edbfd87361624b4040d1df04c9740ae906"},
    {file = "ruff-0.14.14-py3-none-manylinux_2_17_ppc64.manylinux2014_ppc64.whl", hash = "sha256:27493a2131ea0f899057d49d303e4292b2cae2bb57253c1ed1f256fbcd1da480"},
    {file = "ruff-0.14.14-py3-none-manylinux_2_17_ppc64le.manylinux2014_ppc64le.whl", hash = "sha256:01ff589aab3f5b539e35db38425da31a57521efd1e4ad1ae08fc34dbe30bd7df"},
    {file = "ruff-0.14.14-py3-none-manylinux_2_17_s390x.manylinux2014_s390x.whl", hash = "sha256:1cc12d74eef0f29f51775f5b755913eb523546b88e2d733e1d701fe65144e89b"},
    {file = "ruff-0.14.14-py3-none-manylinux_2_17_x86_64.manylinux2014_x86_64.whl", hash = "sha256:bb8481604b7a9e75eff53772496201690ce2687067e038b3cc31aaf16aa0b974"},
    {file = "ruff-0.14.14-py3-none-manylinux_2_31_riscv64.whl", hash = "sha256:14649acb1cf7b5d2d283ebd2f58d56b75836ed8c6f329664fa91cdea19e76e66"},
    {file = "ruff-0.14.14-py3-none-musllinux_1_2_aarch64.whl", hash = "sha256:e8058d2145566510790eab4e2fad186002e288dec5e0d343a92fe7b0bc1b3e13"},
    {file = "ruff-0.14.14-py3-none-musllinux_1_2_armv7l.whl", hash = "sha256:e651e977a79e4c758eb807f0481d673a67ffe53cfa92209781dfa3a996cf8412"},
    {file = "ruff-0.14.14-py3-none-musllinux_1_2_i686.whl", hash = "sha256:cc8b22da8d9d6fdd844a68ae937e2a0adf9b16514e9a97cc60355e2d4b219fc3"},
    {file = "ruff-0.14.14-py3-none-musllinux_1_2_x86_64.whl", hash = "sha256:16bc890fb4cc9781bb05beb5ab4cd51be9e7cb376bf1dd3580512b24eb3fda2b"},
    {file = "ruff-0.14.14-py3-none-win32.whl", hash = "sha256:b530c191970b143375b6a68e6f743800b2b786bbcf03a7965b06c4bf04568167"},
    {file = "ruff-0.14.14-py3-none-win_amd64.whl", hash = "sha256:3dde1435e6b6fe5b66506c1dff67a421d0b7f6488d466f651c07f4cab3bf20fd"},
    {file = "ruff-0.14.14-py3-none-win_arm64.whl", hash = "sha256:56e6981a98b13a32236a72a8da421d7839221fa308b223b9283312312e5ac76c"},
    {file = "ruff-0.14.14.tar.gz", hash = "sha256:2d0f819c9a90205f3a867dbbd0be083bee9912e170fd7d9704cc8ae45824896b"},
]

[[package]]
name = "shiboken6"
version = "6.9.1"
description = "Python/C++ bindings helper module"
optional = false
python-versions = "<3.14,>=3.9"
groups = ["main"]
files = [
    {file = "shiboken6-6.9.1-cp39-abi3-macosx_12_0_universal2.whl", hash = "sha256:40e92afc88da06b5100c56b761e59837ff282166e9531268f3d910b6128e621e"},
    {file = "shiboken6-6.9.1-cp39-abi3-manylinux_2_28_x86_64.whl", hash = "sha256:efcdfa8655d34aaf8d7a0c7724def3440bd46db02f5ad3b1785db5f6ccb0a8ff"},
    {file = "shiboken6-6.9.1-cp39-abi3-manylinux_2_39_aarch64.whl", hash = "sha256:efcf75d48a29ae072d0bf54b3cd5a59ae91bb6b3ab7459e17c769355486c2e0b"},
    {file = "shiboken6-6.9.1-cp39-abi3-win_amd64.whl", hash = "sha256:209ccf02c135bd70321143dcbc5023ae0c056aa4850a845955dd2f9b2ff280a9"},
    {file = "shiboken6-6.9.1-cp39-abi3-win_arm64.whl", hash = "sha256:2a39997ce275ced7853defc89d3a1f19a11c90991ac6eef3435a69bb0b7ff1de"},
]

[[package]]
name = "watchdog"
version = "6.0.0"
description = "Filesystem events monitoring"
optional = false
python-versions = ">=3.9"
groups = ["main"]
files = [
    {file = "watchdog-6.0.0-cp310-cp310-macosx_10_9_universal2.whl", hash = "sha256:d1cdb490583ebd691c012b3d6dae011000fe42edb7a82ece80965b42abd61f26"},
    {file = "watchdog-6.0.0-cp310-cp310-macosx_10_9_x86_64.whl", hash = "sha256:bc64ab3bdb6a04d69d4023b29422170b74681784ffb9463ed4870cf2f3e66112"},
    {file = "watchdog-6.0.0-cp310-cp310-macosx_11_0_arm64.whl", hash = "sha256:c897ac1b55c5a1461e16dae288d22bb2e412ba9807df8397a635d88f671d36c3"},
    {file = "watchdog-6.0.0-cp311-cp311-macosx_10_9_universal2.whl", hash = "sha256:6eb11feb5a0d452ee41f824e271ca311a09e250441c262ca2fd7ebcf2461a06c"},
    {file = "watchdog-6.0.0-cp311-cp311-macosx_10_9_x86_64.whl", hash = "sha256:ef810fbf7b781a5a593894e4f439773830bdecb885e6880d957d5b9382a960d2"},
    {file = "watchdog-6.0.0-cp311-cp311-macosx_11_0_arm64.whl", hash = "sha256:afd0fe1b2270917c5e23c2a65ce50c2a4abb63daafb0d419fde368e272a76b7c"},
    {file = "watchdog-6.0.0-cp312-cp312-macosx_10_13_universal2.whl", hash = "sha256:bdd4e6f14b8b18c334febb9c4425a878a2ac20efd1e0b231978e7b150f92a948"},
    {file = "watchdog-6.0.0-cp312-cp312-macosx_10_13_x86_64.whl", hash = "sha256:c7c15dda13c4eb00d6fb6fc508b3c0ed88b9d5d374056b239c4ad1611125c860"},
    {file = "watchdog-6.0.0-cp312-cp312-macosx_11_0_arm64.whl", hash = "sha256:6f10cb2d5902447c7d0da897e2c6768bca89174d0c6e1e30abec5421af97a5b0"},
    {file = "watchdog-6.0.0-cp313-cp313-macosx_10_13_universal2.whl", hash = "sha256:490ab2ef84f11129844c23fb14ecf30ef3d8a6abafd3754a6f75ca1e6654136c"},
    {file = "watchdog-6.0.0-cp313-cp313-macosx_10_13_x86_64.whl", hash = "sha256:76aae96b00ae814b181bb25b1b98076d5fc84e8a53cd8885a318b42b6d3a5134"},
    {file = "watchdog-6.0.0-cp313-cp313-macosx_11_0_arm64.whl", hash = "sha256:a175f755fc2279e0b7312c0035d52e27211a5bc39719dd529625b1930917345b"},
    {file = "watchdog-6.0.0-cp39-cp39-macosx_10_9_universal2.whl", hash = "sha256:e6f0e77c9417e7cd62af82529b10563db3423625c5fce018430b249bf977f9e8"},
    {file = "watchdog-6.0.0-cp39-cp39-macosx_10_9_x86_64.whl", hash = "sha256:90c8e78f3b94014f7aaae121e6b909674df5b46ec24d6bebc45c44c56729af2a"},
    {file = "watchdog-6.0.0-cp39-cp39-macosx_11_0_arm64.whl", hash = "sha256:e7631a77ffb1f7d2eefa4445ebbee491c720a5661ddf6df3498ebecae5ed375c"},
    {file = "watchdog-6.0.0-pp310-pypy310_pp73-macosx_10_15_x86_64.whl", hash = "sha256:c7ac31a19f4545dd92fc25d200694098f42c9a8e391bc00bdd362c5736dbf881"},
    {file = "watchdog-6.0.0-pp310-pypy310_pp73-macosx_11_0_arm64.whl", hash = "sha256:9513f27a1a582d9808cf21a07dae516f0fab1cf2d7683a742c498b93eedabb11"},
    {file = "watchdog-6.0.0-pp39-pypy39_pp73-macosx_10_15_x86_64.whl", hash = "sha256:7a0e56874cfbc4b9b05c60c8a1926fedf56324bb08cfbc188969777940aef3aa"},
    {file = "watchdog-6.0.0-pp39-pypy39_pp73-macosx_11_0_arm64.whl", hash = "sha256:e6439e374fc012255b4ec786ae3c4bc838cd7309a540e5fe0952d03687d8804e"},
    {file = "watchdog-6.0.0-py3-none-manylinux2014_aarch64.whl", hash = "sha256:7607498efa04a3542ae3e05e64da8202e58159aa1fa4acddf7678d34a35d4f13"},
    {file = "watchdog-6.0.0-py3-none-manylinux2014_armv7l.whl", hash = "sha256:9041567ee8953024c83343288ccc458fd0a2d811d6a0fd68c4c22609e3490379"},
    {file = "watchdog-6.0.0-py3-none-manylinux2014_i686.whl", hash = "sha256:82dc3e3143c7e38ec49d61af98d6558288c415eac98486a5c581726e0737c00e"},
    {file = "watchdog-6.0.0-py3-none-manylinux2014_ppc64.whl", hash = "sha256:212ac9b8bf1161dc91bd09c048048a95ca3a4c4f5e5d4a7d1b1a7d5752a7f96f"},
    {file = "watchdog-6.0.0-py3-none-manylinux2014_ppc64le.whl", hash = "sha256:e3df4cbb9a450c6d49318f6d14f4bbc80d763fa587ba46ec86f99f9e6876bb26"},
    {file = "watchdog-6.0.0-py3-none-manylinux2014_s390x.whl", hash = "sha256:2cce7cfc2008eb51feb6aab51251fd79b85d9894e98ba847408f662b3395ca3c"},
    {file = "watchdog-6.0.0-py3-none-manylinux2014_x86_64.whl", hash = "sha256:20ffe5b202af80ab4266dcd3e91aae72bf2da48c0d33bdb15c66658e685e94e2"},
    {file = "watchdog-6.0.0-py3-none-win32.whl", hash = "sha256:07df1fdd701c5d4c8e55ef6cf55b8f0120fe1aef7ef39a1c6fc6bc2e606d517a"},
    {file = "watchdog-6.0.0-py3-none-win_amd64.whl", hash = "sha256:cbafb470cf848d93b5d013e2ecb245d4aa1c8fd0504e863ccefa32445359d680"},
    {file = "watchdog-6.0.0-py3-none-win_ia64.whl", hash = "sha256:a1914259fa9e1454315171103c6a30961236f508b9b623eae470268bbcc6a22f"},
    {file = "watchdog-6.0.0.tar.gz", hash = "sha256:9ddf7c82fda3ae8e24decda1338ede66e1c99883db93711d8fb941eaa2d8c282"},
]

[package.extras]
watchmedo = ["PyYAML (>=3.10)"]

[metadata]
lock-version = "2.1"
python-versions = ">=3.11,<3.14"
content-hash = "e78008103a69b6dd6f839e7cdbb68bdd3580ee4633058caaf75a6be2d92e4416"
